
Microsoft Visual Studio Solution File, Format Version 12.00
# Visual Studio Version 17
VisualStudioVersion = 17.4.33205.214
MinimumVisualStudioVersion = 10.0.40219.1
Project("{9A19103F-16F7-4668-BE54-9A1E7A4F7556}") = "Consolegoose_game", "Consolegoose_game.csproj", "{670A257E-1025-4810-AAC8-224397847DE4}"
EndProject
Global
	GlobalSection(SolutionConfigurationPlatforms) = preSolution
		Debug|Any CPU = Debug|Any CPU
		Release|Any CPU = Release|Any CPU
	EndGlobalSection
	GlobalSection(ProjectConfigurationPlatforms) = postSolution
		{670A257E-1025-4810-AAC8-224397847DE4}.Debug|Any CPU.ActiveCfg = Debug|Any CPU
		{670A257E-1025-4810-AAC8-224397847DE4}.Debug|Any CPU.Build.0 = Debug|Any CPU
		{670A257E-1025-4810-AAC8-224397847DE4}.Release|Any CPU.ActiveCfg = Release|Any CPU
		{670A257E-1025-4810-AAC8-224397847DE4}.Release|Any CPU.Build.0 = Release|Any CPU
	EndGlobalSection
	GlobalSection(SolutionProperties) = preSolution
		HideSolutionNode = FALSE
	EndGlobalSection
	GlobalSection(ExtensibilityGlobals) = postSolution
		SolutionGuid = {29C36B6F-B803-4D30-806A-5096CAB9D9C7}
	EndGlobalSection
EndGlobal
